
Microsoft Visual Studio Solution File, Format Version 12.00
# Visual Studio 14
VisualStudioVersion = 14.0.25420.1
MinimumVisualStudioVersion = 10.0.40219.1
Project("{2150E333-8FDC-42A3-9474-1A3956D46DE8}") = "Main", "Main", "{8C6C7B5F-82F5-4230-9936-FE2448126083}"
EndProject
Project("{2150E333-8FDC-42A3-9474-1A3956D46DE8}") = "Examples", "Examples", "{53D40FB5-271D-4D45-9AA0-8A6E68583941}"
EndProject
Project("{2150E333-8FDC-42A3-9474-1A3956D46DE8}") = "Others", "Others", "{C4698A13-D29E-4722-AB27-13944D9052A2}"
EndProject
Project("{8BC9CEB8-8B4A-11D0-8D11-00A0C91BC942}") = "ArucoCalibrateCamera", "modules\ArucoCalibrateCamera\ArucoCalibrateCamera.vcxproj", "{2F16361D-7C9C-4602-8158-E9548168AEDC}"
EndProject
Project("{8BC9CEB8-8B4A-11D0-8D11-00A0C91BC942}") = "INSTALL", "modules\Install\INSTALL.vcxproj", "{7022AD17-6504-457B-87CD-D55ECB85BB0F}"
EndProject
Project("{8BC9CEB8-8B4A-11D0-8D11-00A0C91BC942}") = "Vision3DPrj", "modules\Vision3DPrj\Vision3DPrj.vcxproj", "{FEAB9A2A-D77D-4497-926B-A856CAB6D39A}"
EndProject
Project("{8BC9CEB8-8B4A-11D0-8D11-00A0C91BC942}") = "ArucoCreateBoard", "modules\ArucoCreateBoard\ArucoCreateBoard.vcxproj", "{B0B8A640-4530-43C7-9319-3E37AFBC1B93}"
EndProject
Project("{8BC9CEB8-8B4A-11D0-8D11-00A0C91BC942}") = "ArucoCreateMarker", "modules\ArucoCreateMarker\ArucoCreateMarker.vcxproj", "{4C7CA11D-94A6-4D6C-97B4-4B221882C954}"
EndProject
Project("{8BC9CEB8-8B4A-11D0-8D11-00A0C91BC942}") = "ArucoDetectBoard", "modules\ArucoDetectBoard\ArucoDetectBoard.vcxproj", "{D9E6DAA8-475B-4F57-AB92-A83B97322DFE}"
EndProject
Project("{8BC9CEB8-8B4A-11D0-8D11-00A0C91BC942}") = "ArucoDetectMarkers", "modules\ArucoDetectMarkers\ArucoDetectMarkers.vcxproj", "{98B24A46-067A-4570-B49D-026C534D8CBB}"
EndProject
Project("{8BC9CEB8-8B4A-11D0-8D11-00A0C91BC942}") = "DetectChessboard", "modules\DetectChessboard\DetectChessboard.vcxproj", "{73260594-0836-4F62-B349-62FA551B8696}"
EndProject
Project("{8BC9CEB8-8B4A-11D0-8D11-00A0C91BC942}") = "CalibrateCamera", "modules\CalibrateCamera\CalibrateCamera.vcxproj", "{0F38FB3B-CFD9-449F-B742-9CA5FF3C6E95}"
EndProject
Project("{8BC9CEB8-8B4A-11D0-8D11-00A0C91BC942}") = "Vision3D", "modules\Vision3D\Vision3D.vcxproj", "{6ACDF9A8-748D-4AB2-851F-5F236F736CDF}"
EndProject
Project("{8BC9CEB8-8B4A-11D0-8D11-00A0C91BC942}") = "MatchingCamera", "modules\MatchingCamera\MatchingCamera.vcxproj", "{9C84CB06-1285-4B10-AB40-338F658B7277}"
EndProject
Project("{8BC9CEB8-8B4A-11D0-8D11-00A0C91BC942}") = "CamCalibEx", "modules\CamCalibEx\CamCalibEx.vcxproj", "{C83B9083-862A-4371-B2C2-3DCC8FB071E2}"
EndProject
Project("{8BC9CEB8-8B4A-11D0-8D11-00A0C91BC942}") = "CameraPose", "modules\CameraPose\CameraPose.vcxproj", "{AECFD220-D31D-45B6-BFDE-E69C0296484A}"
EndProject
Global
	GlobalSection(SolutionConfigurationPlatforms) = preSolution
		Debug|x64 = Debug|x64
		Debug|x86 = Debug|x86
		Release|x64 = Release|x64
		Release|x86 = Release|x86
	EndGlobalSection
	GlobalSection(ProjectConfigurationPlatforms) = postSolution
		{2F16361D-7C9C-4602-8158-E9548168AEDC}.Debug|x64.ActiveCfg = Debug|x64
		{2F16361D-7C9C-4602-8158-E9548168AEDC}.Debug|x64.Build.0 = Debug|x64
		{2F16361D-7C9C-4602-8158-E9548168AEDC}.Debug|x86.ActiveCfg = Debug|Win32
		{2F16361D-7C9C-4602-8158-E9548168AEDC}.Debug|x86.Build.0 = Debug|Win32
		{2F16361D-7C9C-4602-8158-E9548168AEDC}.Release|x64.ActiveCfg = Release|x64
		{2F16361D-7C9C-4602-8158-E9548168AEDC}.Release|x64.Build.0 = Release|x64
		{2F16361D-7C9C-4602-8158-E9548168AEDC}.Release|x86.ActiveCfg = Release|Win32
		{2F16361D-7C9C-4602-8158-E9548168AEDC}.Release|x86.Build.0 = Release|Win32
		{7022AD17-6504-457B-87CD-D55ECB85BB0F}.Debug|x64.ActiveCfg = Debug|x64
		{7022AD17-6504-457B-87CD-D55ECB85BB0F}.Debug|x64.Build.0 = Debug|x64
		{7022AD17-6504-457B-87CD-D55ECB85BB0F}.Debug|x86.ActiveCfg = Debug|Win32
		{7022AD17-6504-457B-87CD-D55ECB85BB0F}.Debug|x86.Build.0 = Debug|Win32
		{7022AD17-6504-457B-87CD-D55ECB85BB0F}.Release|x64.ActiveCfg = Release|x64
		{7022AD17-6504-457B-87CD-D55ECB85BB0F}.Release|x64.Build.0 = Release|x64
		{7022AD17-6504-457B-87CD-D55ECB85BB0F}.Release|x86.ActiveCfg = Release|Win32
		{7022AD17-6504-457B-87CD-D55ECB85BB0F}.Release|x86.Build.0 = Release|Win32
		{FEAB9A2A-D77D-4497-926B-A856CAB6D39A}.Debug|x64.ActiveCfg = Debug|x64
		{FEAB9A2A-D77D-4497-926B-A856CAB6D39A}.Debug|x64.Build.0 = Debug|x64
		{FEAB9A2A-D77D-4497-926B-A856CAB6D39A}.Debug|x86.ActiveCfg = Debug|Win32
		{FEAB9A2A-D77D-4497-926B-A856CAB6D39A}.Debug|x86.Build.0 = Debug|Win32
		{FEAB9A2A-D77D-4497-926B-A856CAB6D39A}.Release|x64.ActiveCfg = Release|x64
		{FEAB9A2A-D77D-4497-926B-A856CAB6D39A}.Release|x64.Build.0 = Release|x64
		{FEAB9A2A-D77D-4497-926B-A856CAB6D39A}.Release|x86.ActiveCfg = Release|Win32
		{FEAB9A2A-D77D-4497-926B-A856CAB6D39A}.Release|x86.Build.0 = Release|Win32
		{B0B8A640-4530-43C7-9319-3E37AFBC1B93}.Debug|x64.ActiveCfg = Debug|x64
		{B0B8A640-4530-43C7-9319-3E37AFBC1B93}.Debug|x64.Build.0 = Debug|x64
		{B0B8A640-4530-43C7-9319-3E37AFBC1B93}.Debug|x86.ActiveCfg = Debug|Win32
		{B0B8A640-4530-43C7-9319-3E37AFBC1B93}.Debug|x86.Build.0 = Debug|Win32
		{B0B8A640-4530-43C7-9319-3E37AFBC1B93}.Release|x64.ActiveCfg = Release|x64
		{B0B8A640-4530-43C7-9319-3E37AFBC1B93}.Release|x64.Build.0 = Release|x64
		{B0B8A640-4530-43C7-9319-3E37AFBC1B93}.Release|x86.ActiveCfg = Release|Win32
		{B0B8A640-4530-43C7-9319-3E37AFBC1B93}.Release|x86.Build.0 = Release|Win32
		{4C7CA11D-94A6-4D6C-97B4-4B221882C954}.Debug|x64.ActiveCfg = Debug|x64
		{4C7CA11D-94A6-4D6C-97B4-4B221882C954}.Debug|x64.Build.0 = Debug|x64
		{4C7CA11D-94A6-4D6C-97B4-4B221882C954}.Debug|x86.ActiveCfg = Debug|Win32
		{4C7CA11D-94A6-4D6C-97B4-4B221882C954}.Debug|x86.Build.0 = Debug|Win32
		{4C7CA11D-94A6-4D6C-97B4-4B221882C954}.Release|x64.ActiveCfg = Release|x64
		{4C7CA11D-94A6-4D6C-97B4-4B221882C954}.Release|x64.Build.0 = Release|x64
		{4C7CA11D-94A6-4D6C-97B4-4B221882C954}.Release|x86.ActiveCfg = Release|Win32
		{4C7CA11D-94A6-4D6C-97B4-4B221882C954}.Release|x86.Build.0 = Release|Win32
		{D9E6DAA8-475B-4F57-AB92-A83B97322DFE}.Debug|x64.ActiveCfg = Debug|x64
		{D9E6DAA8-475B-4F57-AB92-A83B97322DFE}.Debug|x64.Build.0 = Debug|x64
		{D9E6DAA8-475B-4F57-AB92-A83B97322DFE}.Debug|x86.ActiveCfg = Debug|Win32
		{D9E6DAA8-475B-4F57-AB92-A83B97322DFE}.Debug|x86.Build.0 = Debug|Win32
		{D9E6DAA8-475B-4F57-AB92-A83B97322DFE}.Release|x64.ActiveCfg = Release|x64
		{D9E6DAA8-475B-4F57-AB92-A83B97322DFE}.Release|x64.Build.0 = Release|x64
		{D9E6DAA8-475B-4F57-AB92-A83B97322DFE}.Release|x86.ActiveCfg = Release|Win32
		{D9E6DAA8-475B-4F57-AB92-A83B97322DFE}.Release|x86.Build.0 = Release|Win32
		{98B24A46-067A-4570-B49D-026C534D8CBB}.Debug|x64.ActiveCfg = Debug|x64
		{98B24A46-067A-4570-B49D-026C534D8CBB}.Debug|x64.Build.0 = Debug|x64
		{98B24A46-067A-4570-B49D-026C534D8CBB}.Debug|x86.ActiveCfg = Debug|Win32
		{98B24A46-067A-4570-B49D-026C534D8CBB}.Debug|x86.Build.0 = Debug|Win32
		{98B24A46-067A-4570-B49D-026C534D8CBB}.Release|x64.ActiveCfg = Release|x64
		{98B24A46-067A-4570-B49D-026C534D8CBB}.Release|x64.Build.0 = Release|x64
		{98B24A46-067A-4570-B49D-026C534D8CBB}.Release|x86.ActiveCfg = Release|Win32
		{98B24A46-067A-4570-B49D-026C534D8CBB}.Release|x86.Build.0 = Release|Win32
		{73260594-0836-4F62-B349-62FA551B8696}.Debug|x64.ActiveCfg = Debug|x64
		{73260594-0836-4F62-B349-62FA551B8696}.Debug|x64.Build.0 = Debug|x64
		{73260594-0836-4F62-B349-62FA551B8696}.Debug|x86.ActiveCfg = Debug|Win32
		{73260594-0836-4F62-B349-62FA551B8696}.Debug|x86.Build.0 = Debug|Win32
		{73260594-0836-4F62-B349-62FA551B8696}.Release|x64.ActiveCfg = Release|x64
		{73260594-0836-4F62-B349-62FA551B8696}.Release|x64.Build.0 = Release|x64
		{73260594-0836-4F62-B349-62FA551B8696}.Release|x86.ActiveCfg = Release|Win32
		{73260594-0836-4F62-B349-62FA551B8696}.Release|x86.Build.0 = Release|Win32
		{0F38FB3B-CFD9-449F-B742-9CA5FF3C6E95}.Debug|x64.ActiveCfg = Debug|x64
		{0F38FB3B-CFD9-449F-B742-9CA5FF3C6E95}.Debug|x64.Build.0 = Debug|x64
		{0F38FB3B-CFD9-449F-B742-9CA5FF3C6E95}.Debug|x86.ActiveCfg = Debug|Win32
		{0F38FB3B-CFD9-449F-B742-9CA5FF3C6E95}.Debug|x86.Build.0 = Debug|Win32
		{0F38FB3B-CFD9-449F-B742-9CA5FF3C6E95}.Release|x64.ActiveCfg = Release|x64
		{0F38FB3B-CFD9-449F-B742-9CA5FF3C6E95}.Release|x64.Build.0 = Release|x64
		{0F38FB3B-CFD9-449F-B742-9CA5FF3C6E95}.Release|x86.ActiveCfg = Release|Win32
		{0F38FB3B-CFD9-449F-B742-9CA5FF3C6E95}.Release|x86.Build.0 = Release|Win32
		{6ACDF9A8-748D-4AB2-851F-5F236F736CDF}.Debug|x64.ActiveCfg = Debug|x64
		{6ACDF9A8-748D-4AB2-851F-5F236F736CDF}.Debug|x64.Build.0 = Debug|x64
		{6ACDF9A8-748D-4AB2-851F-5F236F736CDF}.Debug|x86.ActiveCfg = Debug|Win32
		{6ACDF9A8-748D-4AB2-851F-5F236F736CDF}.Debug|x86.Build.0 = Debug|Win32
		{6ACDF9A8-748D-4AB2-851F-5F236F736CDF}.Release|x64.ActiveCfg = Release|x64
		{6ACDF9A8-748D-4AB2-851F-5F236F736CDF}.Release|x64.Build.0 = Release|x64
		{6ACDF9A8-748D-4AB2-851F-5F236F736CDF}.Release|x86.ActiveCfg = Release|Win32
		{6ACDF9A8-748D-4AB2-851F-5F236F736CDF}.Release|x86.Build.0 = Release|Win32
		{9C84CB06-1285-4B10-AB40-338F658B7277}.Debug|x64.ActiveCfg = Debug|x64
		{9C84CB06-1285-4B10-AB40-338F658B7277}.Debug|x64.Build.0 = Debug|x64
		{9C84CB06-1285-4B10-AB40-338F658B7277}.Debug|x86.ActiveCfg = Debug|Win32
		{9C84CB06-1285-4B10-AB40-338F658B7277}.Debug|x86.Build.0 = Debug|Win32
		{9C84CB06-1285-4B10-AB40-338F658B7277}.Release|x64.ActiveCfg = Release|x64
		{9C84CB06-1285-4B10-AB40-338F658B7277}.Release|x64.Build.0 = Release|x64
		{9C84CB06-1285-4B10-AB40-338F658B7277}.Release|x86.ActiveCfg = Release|Win32
		{9C84CB06-1285-4B10-AB40-338F658B7277}.Release|x86.Build.0 = Release|Win32
		{C83B9083-862A-4371-B2C2-3DCC8FB071E2}.Debug|x64.ActiveCfg = Debug|x64
		{C83B9083-862A-4371-B2C2-3DCC8FB071E2}.Debug|x64.Build.0 = Debug|x64
		{C83B9083-862A-4371-B2C2-3DCC8FB071E2}.Debug|x86.ActiveCfg = Debug|Win32
		{C83B9083-862A-4371-B2C2-3DCC8FB071E2}.Debug|x86.Build.0 = Debug|Win32
		{C83B9083-862A-4371-B2C2-3DCC8FB071E2}.Release|x64.ActiveCfg = Release|x64
		{C83B9083-862A-4371-B2C2-3DCC8FB071E2}.Release|x64.Build.0 = Release|x64
		{C83B9083-862A-4371-B2C2-3DCC8FB071E2}.Release|x86.ActiveCfg = Release|Win32
		{C83B9083-862A-4371-B2C2-3DCC8FB071E2}.Release|x86.Build.0 = Release|Win32
		{AECFD220-D31D-45B6-BFDE-E69C0296484A}.Debug|x64.ActiveCfg = Debug|x64
		{AECFD220-D31D-45B6-BFDE-E69C0296484A}.Debug|x64.Build.0 = Debug|x64
		{AECFD220-D31D-45B6-BFDE-E69C0296484A}.Debug|x86.ActiveCfg = Debug|Win32
		{AECFD220-D31D-45B6-BFDE-E69C0296484A}.Debug|x86.Build.0 = Debug|Win32
		{AECFD220-D31D-45B6-BFDE-E69C0296484A}.Release|x64.ActiveCfg = Release|x64
		{AECFD220-D31D-45B6-BFDE-E69C0296484A}.Release|x64.Build.0 = Release|x64
		{AECFD220-D31D-45B6-BFDE-E69C0296484A}.Release|x86.ActiveCfg = Release|Win32
		{AECFD220-D31D-45B6-BFDE-E69C0296484A}.Release|x86.Build.0 = Release|Win32
	EndGlobalSection
	GlobalSection(SolutionProperties) = preSolution
		HideSolutionNode = FALSE
	EndGlobalSection
	GlobalSection(NestedProjects) = preSolution
		{2F16361D-7C9C-4602-8158-E9548168AEDC} = {53D40FB5-271D-4D45-9AA0-8A6E68583941}
		{FEAB9A2A-D77D-4497-926B-A856CAB6D39A} = {C4698A13-D29E-4722-AB27-13944D9052A2}
		{B0B8A640-4530-43C7-9319-3E37AFBC1B93} = {53D40FB5-271D-4D45-9AA0-8A6E68583941}
		{4C7CA11D-94A6-4D6C-97B4-4B221882C954} = {53D40FB5-271D-4D45-9AA0-8A6E68583941}
		{D9E6DAA8-475B-4F57-AB92-A83B97322DFE} = {53D40FB5-271D-4D45-9AA0-8A6E68583941}
		{98B24A46-067A-4570-B49D-026C534D8CBB} = {53D40FB5-271D-4D45-9AA0-8A6E68583941}
		{73260594-0836-4F62-B349-62FA551B8696} = {8C6C7B5F-82F5-4230-9936-FE2448126083}
		{0F38FB3B-CFD9-449F-B742-9CA5FF3C6E95} = {8C6C7B5F-82F5-4230-9936-FE2448126083}
		{6ACDF9A8-748D-4AB2-851F-5F236F736CDF} = {8C6C7B5F-82F5-4230-9936-FE2448126083}
		{9C84CB06-1285-4B10-AB40-338F658B7277} = {53D40FB5-271D-4D45-9AA0-8A6E68583941}
		{C83B9083-862A-4371-B2C2-3DCC8FB071E2} = {C4698A13-D29E-4722-AB27-13944D9052A2}
		{AECFD220-D31D-45B6-BFDE-E69C0296484A} = {53D40FB5-271D-4D45-9AA0-8A6E68583941}
	EndGlobalSection
	GlobalSection(ExtensibilityGlobals) = postSolution
		SolutionGuid = {2E4A9091-F839-4F8D-B935-066038F31AE6}
	EndGlobalSection
EndGlobal
